
Microsoft Visual Studio Solution File, Format Version 12.00
# Visual Studio 15
Project("{2150E333-8FDC-42A3-9474-1A3956D46DE8}") = "src", "src", "{FC8292CF-E509-4CD9-9EEB-A1189A86E7EF}"
EndProject
Project("{2150E333-8FDC-42A3-9474-1A3956D46DE8}") = "nuspec", "nuspec", "{954CCFFF-290A-4E39-AF79-3737ACEAE3E3}"
	ProjectSection(SolutionItems) = preProject
		nuspec\Piranha.AspNetCore.Identity.PostgreSQL.nuspec = nuspec\Piranha.AspNetCore.Identity.PostgreSQL.nuspec
	EndProjectSection
EndProject
Project("{FAE04EC0-301F-11D3-BF4B-00C04F79EFBC}") = "Piranha.AspNetCore.Identity.PostgreSQL", "src\Piranha.AspNetCore.Identity.PostgreSQL\Piranha.AspNetCore.Identity.PostgreSQL.csproj", "{CBAAF9FA-F1FE-45A8-856C-1A176F8EA3FF}"
EndProject
Global
	GlobalSection(SolutionConfigurationPlatforms) = preSolution
		Debug|Any CPU = Debug|Any CPU
		Release|Any CPU = Release|Any CPU
	EndGlobalSection
	GlobalSection(ProjectConfigurationPlatforms) = postSolution
		{CBAAF9FA-F1FE-45A8-856C-1A176F8EA3FF}.Debug|Any CPU.ActiveCfg = Debug|Any CPU
		{CBAAF9FA-F1FE-45A8-856C-1A176F8EA3FF}.Debug|Any CPU.Build.0 = Debug|Any CPU
		{CBAAF9FA-F1FE-45A8-856C-1A176F8EA3FF}.Release|Any CPU.ActiveCfg = Release|Any CPU
		{CBAAF9FA-F1FE-45A8-856C-1A176F8EA3FF}.Release|Any CPU.Build.0 = Release|Any CPU
	EndGlobalSection
	GlobalSection(NestedProjects) = preSolution
		{CBAAF9FA-F1FE-45A8-856C-1A176F8EA3FF} = {FC8292CF-E509-4CD9-9EEB-A1189A86E7EF}
	EndGlobalSection
EndGlobal
